<?xml version="1.0" encoding="utf-8"?>
<Project ToolsVersion="4.0" xmlns="http://schemas.microsoft.com/developer/msbuild/2003">
  <ItemGroup>
    <Filter Include="Core">
      <UniqueIdentifier>{c4c319e3-2bc0-4da2-99f0-ba81ebcffb85}</UniqueIdentifier>
    </Filter>
    <Filter Include="Rendering">
      <UniqueIdentifier>{eda97423-4d62-407b-be40-bfcd8b15f508}</UniqueIdentifier>
    </Filter>
    <Filter Include="Shader">
      <UniqueIdentifier>{10b62612-7c19-479f-8cd1-0d1e9540c955}</UniqueIdentifier>
    </Filter>
    <Filter Include="Shader\HLSL">
      <UniqueIdentifier>{1f83d624-3ccf-4245-8c22-fa7ed88e027e}</UniqueIdentifier>
    </Filter>
    <Filter Include="Shader\Include">
      <UniqueIdentifier>{7e5a3c37-f91a-42bf-8e70-8b2bec213d47}</UniqueIdentifier>
    </Filter>
    <Filter Include="Mesh_Model">
      <UniqueIdentifier>{4b6d8204-5aa6-49e6-8c08-61717bc7dd32}</UniqueIdentifier>
    </Filter>
    <Filter Include="ECS">
      <UniqueIdentifier>{f2a0bfff-8aec-45ab-b7b9-734d21181760}</UniqueIdentifier>
    </Filter>
    <Filter Include="Scene">
      <UniqueIdentifier>{e117be14-9de3-44c7-9594-f9078aa8eaa0}</UniqueIdentifier>
    </Filter>
    <Filter Include="Scripting">
      <UniqueIdentifier>{54669ea3-734f-4434-abc8-88b180ccf3cd}</UniqueIdentifier>
    </Filter>
    <Filter Include="Editor">
      <UniqueIdentifier>{883c7737-c75c-4a22-8e9d-e5057b927205}</UniqueIdentifier>
    </Filter>
    <Filter Include="Input_Audio_Physics">
      <UniqueIdentifier>{79636ce8-3a78-4800-a5ee-6aa4cd34a9af}</UniqueIdentifier>
    </Filter>
    <Filter Include="ThirdParty">
      <UniqueIdentifier>{1755e80b-3ef9-44ca-86d4-7c7fdb8487f5}</UniqueIdentifier>
    </Filter>
    <Filter Include="Assets">
      <UniqueIdentifier>{2a56a89e-8bdc-4d97-833c-1fe18b4b1a00}</UniqueIdentifier>
    </Filter>
    <Filter Include="Assets\Icons">
      <UniqueIdentifier>{3603e788-43a8-4df4-ab17-ce3f89b81a2e}</UniqueIdentifier>
    </Filter>
    <Filter Include="Assets\Model">
      <UniqueIdentifier>{dec2bb9e-a313-48a2-9022-26d0fb4f8816}</UniqueIdentifier>
    </Filter>
    <Filter Include="Assets\Scenes">
      <UniqueIdentifier>{fc4a19d1-29a2-4035-8f7e-be61b0ef9cdf}</UniqueIdentifier>
    </Filter>
    <Filter Include="Assets\Scripts">
      <UniqueIdentifier>{764dc060-3837-483a-b45e-6db33b27756a}</UniqueIdentifier>
    </Filter>
    <Filter Include="Assets\Texture">
      <UniqueIdentifier>{97048fee-3f92-4d30-9fce-18953c3a0d26}</UniqueIdentifier>
    </Filter>
    <Filter Include="Config">
      <UniqueIdentifier>{106cad0e-77d8-4078-a328-6a67eabc18db}</UniqueIdentifier>
    </Filter>
    <Filter Include="Shader\HLSL\VertexShader">
      <UniqueIdentifier>{0cd9ce98-f87f-44b7-a84d-d112fa00bd41}</UniqueIdentifier>
    </Filter>
    <Filter Include="Shader\HLSL\PixelShader">
      <UniqueIdentifier>{6556a47a-d3bc-44db-8fb8-f9363da8d3f4}</UniqueIdentifier>
    </Filter>
  </ItemGroup>
  <ItemGroup>
    <ClCompile Include="Application.cpp">
      <Filter>Core</Filter>
    </ClCompile>
    <ClCompile Include="main.cpp">
      <Filter>Core</Filter>
    </ClCompile>
    <ClCompile Include="Engine/Engine.cpp">
      <Filter>Core</Filter>
    </ClCompile>
    <ClCompile Include="Engine/ThreadPool.cpp">
      <Filter>Core</Filter>
    </ClCompile>
    <ClCompile Include="Time.cpp">
      <Filter>Core</Filter>
    </ClCompile>
    <ClCompile Include="Logger.cpp">
      <Filter>Core</Filter>
    </ClCompile>
    <ClCompile Include="AsyncLoader.cpp">
      <Filter>Core</Filter>
    </ClCompile>
    <ClCompile Include="DirectX.cpp">
      <Filter>Rendering</Filter>
    </ClCompile>
    <ClCompile Include="ConstantBufferAllocator.cpp">
      <Filter>Rendering</Filter>
    </ClCompile>
    <ClCompile Include="RenderTexture.cpp">
      <Filter>Rendering</Filter>
    </ClCompile>
    <ClCompile Include="PipelineStateCache.cpp">
      <Filter>Rendering</Filter>
    </ClCompile>
    <ClCompile Include="DebugLineRenderer.cpp">
      <Filter>Rendering</Filter>
    </ClCompile>
    <ClCompile Include="Vertex.cpp">
      <Filter>Rendering</Filter>
    </ClCompile>
    <ClCompile Include="Polygon.cpp">
      <Filter>Rendering</Filter>
    </ClCompile>
    <ClCompile Include="FontAtlas.cpp">
      <Filter>Rendering</Filter>
    </ClCompile>
    <ClCompile Include="IconLibrary.cpp">
      <Filter>Rendering</Filter>
    </ClCompile>
    <ClCompile Include="Shader.cpp">
      <Filter>Shader</Filter>
    </ClCompile>
    <ClCompile Include="ShaderLibrary.cpp">
      <Filter>Shader</Filter>
    </ClCompile>
    <ClCompile Include="Mesh.cpp">
      <Filter>Mesh_Model</Filter>
    </ClCompile>
    <ClCompile Include="MeshRenderer.cpp">
      <Filter>Mesh_Model</Filter>
    </ClCompile>
    <ClCompile Include="Material.cpp">
      <Filter>Mesh_Model</Filter>
    </ClCompile>
    <ClCompile Include="ModelLoader.cpp">
      <Filter>Mesh_Model</Filter>
    </ClCompile>
    <ClCompile Include="ComponentRegistry.cpp">
      <Filter>ECS</Filter>
    </ClCompile>
    <ClCompile Include="Scene.cpp">
      <Filter>Scene</Filter>
    </ClCompile>
    <ClCompile Include="SceneManager.cpp">
      <Filter>Scene</Filter>
    </ClCompile>
    <ClCompile Include="SceneSerializer.cpp">
      <Filter>Scene</Filter>
    </ClCompile>
    <ClCompile Include="SampleScene.cpp">
      <Filter>Scene</Filter>
    </ClCompile>
    <ClCompile Include="RuntimeScene.cpp">
      <Filter>Scene</Filter>
    </ClCompile>
    <ClCompile Include="PlayState.cpp">
      <Filter>Scene</Filter>
    </ClCompile>
    <ClCompile Include="PrefabLibrary.cpp">
      <Filter>Scene</Filter>
    </ClCompile>
    <ClCompile Include="MonoBehavior.cpp">
      <Filter>Scripting</Filter>
    </ClCompile>
    <ClCompile Include="ScriptHost.cpp">
      <Filter>Scripting</Filter>
    </ClCompile>
    <ClCompile Include="RegisterScript.cpp">
      <Filter>Scripting</Filter>
    </ClCompile>
    <ClCompile Include="EditorWindow.cpp">
      <Filter>Editor</Filter>
    </ClCompile>
    <ClCompile Include="InspectorWindow.cpp">
      <Filter>Editor</Filter>
    </ClCompile>
    <ClCompile Include="AssetWindow.cpp">
      <Filter>Editor</Filter>
    </ClCompile>
    <ClCompile Include="Input.cpp">
      <Filter>Input_Audio_Physics</Filter>
    </ClCompile>
    <ClCompile Include="AudioEngine.cpp">
      <Filter>Input_Audio_Physics</Filter>
    </ClCompile>
    <ClCompile Include="PhysicsWorld.cpp">
      <Filter>Input_Audio_Physics</Filter>
    </ClCompile>
    <ClCompile Include="imgui.cpp">
      <Filter>ThirdParty</Filter>
    </ClCompile>
    <ClCompile Include="imguiinit.cpp">
      <Filter>ThirdParty</Filter>
    </ClCompile>
    <ClCompile Include="ImGuizmo.cpp">
      <Filter>ThirdParty</Filter>
    </ClCompile>
    <ClCompile Include="imgui_draw.cpp">
      <Filter>ThirdParty</Filter>
    </ClCompile>
    <ClCompile Include="imgui_impl_dx12.cpp">
      <Filter>ThirdParty</Filter>
    </ClCompile>
    <ClCompile Include="imgui_impl_win32.cpp">
      <Filter>ThirdParty</Filter>
    </ClCompile>
    <ClCompile Include="imgui_tables.cpp">
      <Filter>ThirdParty</Filter>
    </ClCompile>
    <ClCompile Include="imgui_widgets.cpp">
      <Filter>ThirdParty</Filter>
    </ClCompile>
    <ClCompile Include="ShadowMap.cpp">
      <Filter>Rendering</Filter>
    </ClCompile>
    <ClCompile Include="PMXLoader.cpp">
      <Filter>Mesh_Model</Filter>
    </ClCompile>
  </ItemGroup>
  <ItemGroup>
    <ClInclude Include="Application.hpp">
      <Filter>Core</Filter>
    </ClInclude>
    <ClInclude Include="Engine/Engine.hpp">
      <Filter>Core</Filter>
    </ClInclude>
    <ClInclude Include="Engine/ThreadPool.hpp">
      <Filter>Core</Filter>
    </ClInclude>
    <ClInclude Include="Time.hpp">
      <Filter>Core</Filter>
    </ClInclude>
    <ClInclude Include="Logger.hpp">
      <Filter>Core</Filter>
    </ClInclude>
    <ClInclude Include="Debug.hpp">
      <Filter>Core</Filter>
    </ClInclude>
    <ClInclude Include="Defines.hpp">
      <Filter>Core</Filter>
    </ClInclude>
    <ClInclude Include="Util.hpp">
      <Filter>Core</Filter>
    </ClInclude>
    <ClInclude Include="pch.h">
      <Filter>Core</Filter>
    </ClInclude>
    <ClInclude Include="EngineAPI.hpp">
      <Filter>Core</Filter>
    </ClInclude>
    <ClInclude Include="AsyncLoader.hpp">
      <Filter>Core</Filter>
    </ClInclude>
    <ClInclude Include="DirectX.hpp">
      <Filter>Rendering</Filter>
    </ClInclude>
    <ClInclude Include="ConstantBufferAllocator.hpp">
      <Filter>Rendering</Filter>
    </ClInclude>
    <ClInclude Include="RenderContext.hpp">
      <Filter>Rendering</Filter>
    </ClInclude>
    <ClInclude Include="RenderTexture.hpp">
      <Filter>Rendering</Filter>
    </ClInclude>
    <ClInclude Include="PipelineStateCache.hpp">
      <Filter>Rendering</Filter>
    </ClInclude>
    <ClInclude Include="DebugLineRenderer.hpp">
      <Filter>Rendering</Filter>
    </ClInclude>
    <ClInclude Include="Vertex.hpp">
      <Filter>Rendering</Filter>
    </ClInclude>
    <ClInclude Include="Polygon.hpp">
      <Filter>Rendering</Filter>
    </ClInclude>
    <ClInclude Include="FontAtlas.hpp">
      <Filter>Rendering</Filter>
    </ClInclude>
    <ClInclude Include="IconLibrary.hpp">
      <Filter>Rendering</Filter>
    </ClInclude>
    <ClInclude Include="Shader.hpp">
      <Filter>Shader</Filter>
    </ClInclude>
    <ClInclude Include="ShaderLibrary.hpp">
      <Filter>Shader</Filter>
    </ClInclude>
    <ClInclude Include="ShaderTemplates.hpp">
      <Filter>Shader</Filter>
    </ClInclude>
    <ClInclude Include="Mesh.hpp">
      <Filter>Mesh_Model</Filter>
    </ClInclude>
    <ClInclude Include="MeshRenderer.hpp">
      <Filter>Mesh_Model</Filter>
    </ClInclude>
    <ClInclude Include="Material.hpp">
      <Filter>Mesh_Model</Filter>
    </ClInclude>
    <ClInclude Include="ModelData.hpp">
      <Filter>Mesh_Model</Filter>
    </ClInclude>
    <ClInclude Include="ModelLoader.hpp">
      <Filter>Mesh_Model</Filter>
    </ClInclude>
    <ClInclude Include="World.hpp">
      <Filter>ECS</Filter>
    </ClInclude>
    <ClInclude Include="Components.hpp">
      <Filter>ECS</Filter>
    </ClInclude>
    <ClInclude Include="ComponentRegistry.hpp">
      <Filter>ECS</Filter>
    </ClInclude>
    <ClInclude Include="Systems.hpp">
      <Filter>ECS</Filter>
    </ClInclude>
    <ClInclude Include="Scene.hpp">
      <Filter>Scene</Filter>
    </ClInclude>
    <ClInclude Include="SceneManager.hpp">
      <Filter>Scene</Filter>
    </ClInclude>
    <ClInclude Include="SceneSerializer.hpp">
      <Filter>Scene</Filter>
    </ClInclude>
    <ClInclude Include="SampleScene.hpp">
      <Filter>Scene</Filter>
    </ClInclude>
    <ClInclude Include="RuntimeScene.hpp">
      <Filter>Scene</Filter>
    </ClInclude>
    <ClInclude Include="PlayState.hpp">
      <Filter>Scene</Filter>
    </ClInclude>
    <ClInclude Include="PrefabLibrary.hpp">
      <Filter>Scene</Filter>
    </ClInclude>
    <ClInclude Include="MonoBehavior.hpp">
      <Filter>Scripting</Filter>
    </ClInclude>
    <ClInclude Include="ScriptContext.hpp">
      <Filter>Scripting</Filter>
    </ClInclude>
    <ClInclude Include="ScriptField.hpp">
      <Filter>Scripting</Filter>
    </ClInclude>
    <ClInclude Include="ScriptHost.hpp">
      <Filter>Scripting</Filter>
    </ClInclude>
    <ClInclude Include="RegisterScript.hpp">
      <Filter>Scripting</Filter>
    </ClInclude>
    <ClInclude Include="EditorWindow.hpp">
      <Filter>Editor</Filter>
    </ClInclude>
    <ClInclude Include="Input.hpp">
      <Filter>Input_Audio_Physics</Filter>
    </ClInclude>
    <ClInclude Include="AudioEngine.hpp">
      <Filter>Input_Audio_Physics</Filter>
    </ClInclude>
    <ClInclude Include="PhysicsWorld.hpp">
      <Filter>Input_Audio_Physics</Filter>
    </ClInclude>
    <ClInclude Include="cr.h">
      <Filter>ThirdParty</Filter>
    </ClInclude>
    <ClInclude Include="imconfig.h">
      <Filter>ThirdParty</Filter>
    </ClInclude>
    <ClInclude Include="imgui.h">
      <Filter>ThirdParty</Filter>
    </ClInclude>
    <ClInclude Include="imguiinit.hpp">
      <Filter>ThirdParty</Filter>
    </ClInclude>
    <ClInclude Include="ImGuizmo.h">
      <Filter>ThirdParty</Filter>
    </ClInclude>
    <ClInclude Include="imgui_internal.h">
      <Filter>ThirdParty</Filter>
    </ClInclude>
    <ClInclude Include="imstb_rectpack.h">
      <Filter>ThirdParty</Filter>
    </ClInclude>
    <ClInclude Include="imstb_textedit.h">
      <Filter>ThirdParty</Filter>
    </ClInclude>
    <ClInclude Include="imstb_truetype.h">
      <Filter>ThirdParty</Filter>
    </ClInclude>
    <ClInclude Include="json.hpp">
      <Filter>ThirdParty</Filter>
    </ClInclude>
    <ClInclude Include="ShadowMap.hpp">
      <Filter>Rendering</Filter>
    </ClInclude>
    <ClInclude Include="Theme.hpp">
      <Filter>Config</Filter>
    </ClInclude>
    <ClInclude Include="PMXLoader.hpp">
      <Filter>Mesh_Model</Filter>
    </ClInclude>
    <ClInclude Include="Animator.hpp">
      <Filter>Mesh_Model</Filter>
    </ClInclude>
  </ItemGroup>
  <ItemGroup>
    <None Include="BRDF.hlsli">
      <Filter>Shader\Include</Filter>
    </None>
    <None Include="Common.hlsli">
      <Filter>Shader\Include</Filter>
    </None>
    <None Include="Lighting.hlsli">
      <Filter>Shader\Include</Filter>
    </None>
    <None Include="imgui.ini">
      <Filter>Config</Filter>
    </None>
    <None Include="packages.config">
      <Filter>Config</Filter>
    </None>
    <None Include="Assets\Icons\CameraIcon.png">
      <Filter>Assets\Icons</Filter>
    </None>
    <None Include="Assets\Icons\File.png">
      <Filter>Assets\Icons</Filter>
    </None>
    <None Include="Assets\Icons\Folder.png">
      <Filter>Assets\Icons</Filter>
    </None>
    <None Include="Assets\Icons\Image.png">
      <Filter>Assets\Icons</Filter>
    </None>
    <None Include="Assets\Icons\Json.png">
      <Filter>Assets\Icons</Filter>
    </None>
    <None Include="Assets\Icons\LightIcon.png">
      <Filter>Assets\Icons</Filter>
    </None>
    <None Include="Assets\Icons\Material.png">
      <Filter>Assets\Icons</Filter>
    </None>
    <None Include="Assets\Icons\Model.png">
      <Filter>Assets\Icons</Filter>
    </None>
    <None Include="Assets\Model\akai\Akai.fbx">
      <Filter>Assets\Model</Filter>
    </None>
    <None Include="Assets\Model\akai\Akai_Idle.fbx">
      <Filter>Assets\Model</Filter>
    </None>
    <None Include="Assets\Model\akai\Akai_Run.fbx">
      <Filter>Assets\Model</Filter>
    </None>
    <None Include="Assets\Model\Camera.fbx">
      <Filter>Assets\Model</Filter>
    </None>
    <None Include="Assets\Model\Player.fbx">
      <Filter>Assets\Model</Filter>
    </None>
    <None Include="Assets\Model\spot\1x\asd.png">
      <Filter>Assets\Model</Filter>
    </None>
    <None Include="Assets\Model\spot\spot.fbx">
      <Filter>Assets\Model</Filter>
    </None>
    <None Include="Assets\Model\spot\spot_texture.png">
      <Filter>Assets\Model</Filter>
    </None>
    <None Include="Assets\Model\test.fbx">
      <Filter>Assets\Model</Filter>
    </None>
    <None Include="Assets\Scenes\Ingame.json">
      <Filter>Assets\Scenes</Filter>
    </None>
    <None Include="Assets\Scenes\Red.json">
      <Filter>Assets\Scenes</Filter>
    </None>
    <None Include="Assets\Scenes\SampleScene.json">
      <Filter>Assets\Scenes</Filter>
    </None>
    <None Include="Assets\Scripts\empty.txt">
      <Filter>Assets\Scripts</Filter>
    </None>
    <None Include="Assets\Scripts\kawaguchi.cpp">
      <Filter>Assets\Scripts</Filter>
    </None>
    <None Include="Assets\Texture\Mutant_diffuse.png">
      <Filter>Assets\Texture</Filter>
    </None>
    <None Include="Assets\Texture\RampTex.bmp">
      <Filter>Assets\Texture</Filter>
    </None>
    <None Include="ToonShader.hlsl">
      <Filter>Shader\HLSL\PixelShader</Filter>
    </None>
    <None Include="BlinnPhongShader.hlsl">
      <Filter>Shader\HLSL\PixelShader</Filter>
    </None>
    <None Include="DissolveShader.hlsl">
      <Filter>Shader\HLSL\PixelShader</Filter>
    </None>
    <None Include="FresnelShader.hlsl">
      <Filter>Shader\HLSL\PixelShader</Filter>
    </None>
    <None Include="PBRShader.hlsl">
      <Filter>Shader\HLSL\PixelShader</Filter>
    </None>
    <None Include="PixelShader.hlsl">
      <Filter>Shader\HLSL\PixelShader</Filter>
    </None>
    <None Include="PS_LineShader.hlsl">
      <Filter>Shader\HLSL\PixelShader</Filter>
    </None>
    <None Include="RimShader.hlsl">
      <Filter>Shader\HLSL\PixelShader</Filter>
    </None>
    <None Include="SkyBoxShader.hlsl">
      <Filter>Shader\HLSL\PixelShader</Filter>
    </None>
    <None Include="VertexShader.hlsl">
      <Filter>Shader\HLSL\VertexShader</Filter>
    </None>
    <None Include="ShadowShader.hlsl">
      <Filter>Shader\HLSL\VertexShader</Filter>
    </None>
    <None Include="SkinnedShader.hlsl">
      <Filter>Shader\HLSL\VertexShader</Filter>
    </None>
    <None Include="Genshin_ToonShader.hlsl">
      <Filter>Shader\HLSL\PixelShader</Filter>
    </None>
  </ItemGroup>
  <ItemGroup>
    <Image Include="Assets\Texture\metal.jpg">
      <Filter>Assets\Texture</Filter>
    </Image>
    <Image Include="Assets\Texture\plate.png">
      <Filter>Assets\Texture</Filter>
    </Image>
  </ItemGroup>
</Project>